
Microsoft Visual Studio Solution File, Format Version 12.00
# Visual Studio 2017
Project("{FAE04EC0-301F-11D3-BF4B-00C04F79EFBC}") = "In the Deep Woods", "In the Deep Woods.csproj", "{4CFF7609-832C-E72F-225A-CB4CC65DAB2F}"
EndProject
Project("{FAE04EC0-301F-11D3-BF4B-00C04F79EFBC}") = "In the Deep Woods.Editor", "In the Deep Woods.Editor.csproj", "{DE83122E-E6B1-AEC5-7167-C5B99DE2F25C}"
EndProject
Global
	GlobalSection(SolutionConfigurationPlatforms) = preSolution
		Debug|Any CPU = Debug|Any CPU
		Release|Any CPU = Release|Any CPU
	EndGlobalSection
	GlobalSection(ProjectConfigurationPlatforms) = postSolution
		{4CFF7609-832C-E72F-225A-CB4CC65DAB2F}.Debug|Any CPU.ActiveCfg = Debug|Any CPU
		{4CFF7609-832C-E72F-225A-CB4CC65DAB2F}.Debug|Any CPU.Build.0 = Debug|Any CPU
		{4CFF7609-832C-E72F-225A-CB4CC65DAB2F}.Release|Any CPU.ActiveCfg = Release|Any CPU
		{4CFF7609-832C-E72F-225A-CB4CC65DAB2F}.Release|Any CPU.Build.0 = Release|Any CPU
		{DE83122E-E6B1-AEC5-7167-C5B99DE2F25C}.Debug|Any CPU.ActiveCfg = Debug|Any CPU
		{DE83122E-E6B1-AEC5-7167-C5B99DE2F25C}.Debug|Any CPU.Build.0 = Debug|Any CPU
		{DE83122E-E6B1-AEC5-7167-C5B99DE2F25C}.Release|Any CPU.ActiveCfg = Release|Any CPU
		{DE83122E-E6B1-AEC5-7167-C5B99DE2F25C}.Release|Any CPU.Build.0 = Release|Any CPU
	EndGlobalSection
	GlobalSection(SolutionProperties) = preSolution
		HideSolutionNode = FALSE
	EndGlobalSection
EndGlobal
